{
  "name": "persy",
  "version": "0.0.0",
  "dependencies": {
    "asea": {
      "version": "0.1.2",
      "from": "asea@>=0.1.2 <0.2.0",
      "resolved": "https://registry.npmjs.org/asea/-/asea-0.1.2.tgz"
    },
    "ate": {
      "version": "0.0.0",
      "from": "ate@0.0.0",
      "resolved": "https://registry.npmjs.org/ate/-/ate-0.0.0.tgz"
    },
    "calcify": {
      "version": "0.0.0",
      "from": "calcify@latest",
      "resolved": "https://registry.npmjs.org/calcify/-/calcify-0.0.0.tgz",
      "dependencies": {
        "parseon": {
          "version": "0.0.0",
          "from": "parseon@0.0.0",
          "resolved": "https://registry.npmjs.org/parseon/-/parseon-0.0.0.tgz"
        }
      }
    },
    "called": {
      "version": "0.1.2",
      "from": "called@>=0.1.2 <0.2.0",
      "resolved": "https://registry.npmjs.org/called/-/called-0.1.2.tgz"
    },
    "empt": {
      "version": "0.0.0",
      "from": "empt@latest",
      "resolved": "https://registry.npmjs.org/empt/-/empt-0.0.0.tgz"
    },
    "harden": {
      "version": "0.3.5",
      "from": "harden@>=0.3.5 <0.4.0",
      "resolved": "https://registry.npmjs.org/harden/-/harden-0.3.5.tgz"
    },
    "kept": {
      "version": "0.1.2",
      "from": "kept@>=0.1.1 <0.2.0",
      "resolved": "https://registry.npmjs.org/kept/-/kept-0.1.2.tgz"
    },
    "letgo": {
      "version": "0.0.3",
      "from": "letgo@0.0.3",
      "resolved": "https://registry.npmjs.org/letgo/-/letgo-0.0.3.tgz"
    },
    "optfor": {
      "version": "0.2.0",
      "from": "optfor@>=0.2.0 <0.3.0",
      "resolved": "https://registry.npmjs.org/optfor/-/optfor-0.2.0.tgz"
    },
    "raze": {
      "version": "0.0.8",
      "from": "raze@0.0.8",
      "resolved": "https://registry.npmjs.org/raze/-/raze-0.0.8.tgz"
    },
    "scrivi": {
      "version": "0.0.2",
      "from": "scrivi@latest",
      "resolved": "https://registry.npmjs.org/scrivi/-/scrivi-0.0.2.tgz"
    },
    "zelf": {
      "version": "0.0.4",
      "from": "zelf@latest",
      "resolved": "https://registry.npmjs.org/zelf/-/zelf-0.0.4.tgz"
    }
  }
}
